{
  "name": "supermarket-iot",
  "lockfileVersion": 3,
  "requires": true,
  "packages": {
    "": {
      "dependencies": {
        "ulid": "^3.0.1"
      }
    },
    "node_modules/ulid": {
      "version": "3.0.1",
      "resolved": "https://registry.npmjs.org/ulid/-/ulid-3.0.1.tgz",
      "integrity": "sha512-dPJyqPzx8preQhqq24bBG1YNkvigm87K8kVEHCD+ruZg24t6IFEFv00xMWfxcC4djmFtiTLdFuADn4+DOz6R7Q==",
      "license": "MIT",
      "bin": {
        "ulid": "dist/cli.js"
      }
    }
  }
}
